
Microsoft Visual Studio Solution File, Format Version 12.00
# Visual Studio Version 17
VisualStudioVersion = 17.9.34728.123
MinimumVisualStudioVersion = 10.0.40219.1
Project("{FAE04EC0-301F-11D3-BF4B-00C04F79EFBC}") = "Bus", "Bus.csproj", "{CCF36A19-692A-4BAA-8FF1-E192FFFC8266}"
EndProject
Global
	GlobalSection(SolutionConfigurationPlatforms) = preSolution
		Debug|Any CPU = Debug|Any CPU
		Release|Any CPU = Release|Any CPU
	EndGlobalSection
	GlobalSection(ProjectConfigurationPlatforms) = postSolution
		{CCF36A19-692A-4BAA-8FF1-E192FFFC8266}.Debug|Any CPU.ActiveCfg = Debug|Any CPU
		{CCF36A19-692A-4BAA-8FF1-E192FFFC8266}.Debug|Any CPU.Build.0 = Debug|Any CPU
		{CCF36A19-692A-4BAA-8FF1-E192FFFC8266}.Release|Any CPU.ActiveCfg = Release|Any CPU
		{CCF36A19-692A-4BAA-8FF1-E192FFFC8266}.Release|Any CPU.Build.0 = Release|Any CPU
	EndGlobalSection
	GlobalSection(SolutionProperties) = preSolution
		HideSolutionNode = FALSE
	EndGlobalSection
	GlobalSection(ExtensibilityGlobals) = postSolution
		SolutionGuid = {C4870D72-C235-44FE-BFB4-FC7530FC1D9E}
	EndGlobalSection
EndGlobal
