
Microsoft Visual Studio Solution File, Format Version 12.00
# Visual Studio Version 17
VisualStudioVersion = 17.9.34728.123
MinimumVisualStudioVersion = 10.0.40219.1
Project("{888888A0-9F3D-457C-B088-3A5042F75D52}") = "Classes Excersices", "Classes Excersices.pyproj", "{E251844D-4390-434B-B3DF-8D9B541EC3B6}"
EndProject
Global
	GlobalSection(SolutionConfigurationPlatforms) = preSolution
		Debug|Any CPU = Debug|Any CPU
		Release|Any CPU = Release|Any CPU
	EndGlobalSection
	GlobalSection(ProjectConfigurationPlatforms) = postSolution
		{E251844D-4390-434B-B3DF-8D9B541EC3B6}.Debug|Any CPU.ActiveCfg = Debug|Any CPU
		{E251844D-4390-434B-B3DF-8D9B541EC3B6}.Release|Any CPU.ActiveCfg = Release|Any CPU
	EndGlobalSection
	GlobalSection(SolutionProperties) = preSolution
		HideSolutionNode = FALSE
	EndGlobalSection
	GlobalSection(ExtensibilityGlobals) = postSolution
		SolutionGuid = {BD82C388-8763-4D93-A2D8-E3F114527E92}
	EndGlobalSection
EndGlobal
