
Microsoft Visual Studio Solution File, Format Version 12.00
# Visual Studio Version 17
VisualStudioVersion = 17.9.34714.143
MinimumVisualStudioVersion = 10.0.40219.1
Project("{FAE04EC0-301F-11D3-BF4B-00C04F79EFBC}") = "ConsoleApp1", "ConsoleApp1.csproj", "{4678C564-12A2-48A9-9B8F-67F297E77DA1}"
EndProject
Global
	GlobalSection(SolutionConfigurationPlatforms) = preSolution
		Debug|Any CPU = Debug|Any CPU
		Release|Any CPU = Release|Any CPU
	EndGlobalSection
	GlobalSection(ProjectConfigurationPlatforms) = postSolution
		{4678C564-12A2-48A9-9B8F-67F297E77DA1}.Debug|Any CPU.ActiveCfg = Debug|Any CPU
		{4678C564-12A2-48A9-9B8F-67F297E77DA1}.Debug|Any CPU.Build.0 = Debug|Any CPU
		{4678C564-12A2-48A9-9B8F-67F297E77DA1}.Release|Any CPU.ActiveCfg = Release|Any CPU
		{4678C564-12A2-48A9-9B8F-67F297E77DA1}.Release|Any CPU.Build.0 = Release|Any CPU
	EndGlobalSection
	GlobalSection(SolutionProperties) = preSolution
		HideSolutionNode = FALSE
	EndGlobalSection
	GlobalSection(ExtensibilityGlobals) = postSolution
		SolutionGuid = {33BEAC4A-D769-440B-9A6F-1D952125F99B}
	EndGlobalSection
EndGlobal
