
Microsoft Visual Studio Solution File, Format Version 12.00
# Visual Studio Version 17
VisualStudioVersion = 17.9.34728.123
MinimumVisualStudioVersion = 10.0.40219.1
Project("{FAE04EC0-301F-11D3-BF4B-00C04F79EFBC}") = "Users2", "Users2.csproj", "{FEEEF497-F43B-438C-BEB4-FCF5CE306780}"
EndProject
Global
	GlobalSection(SolutionConfigurationPlatforms) = preSolution
		Debug|Any CPU = Debug|Any CPU
		Release|Any CPU = Release|Any CPU
	EndGlobalSection
	GlobalSection(ProjectConfigurationPlatforms) = postSolution
		{FEEEF497-F43B-438C-BEB4-FCF5CE306780}.Debug|Any CPU.ActiveCfg = Debug|Any CPU
		{FEEEF497-F43B-438C-BEB4-FCF5CE306780}.Debug|Any CPU.Build.0 = Debug|Any CPU
		{FEEEF497-F43B-438C-BEB4-FCF5CE306780}.Release|Any CPU.ActiveCfg = Release|Any CPU
		{FEEEF497-F43B-438C-BEB4-FCF5CE306780}.Release|Any CPU.Build.0 = Release|Any CPU
	EndGlobalSection
	GlobalSection(SolutionProperties) = preSolution
		HideSolutionNode = FALSE
	EndGlobalSection
	GlobalSection(ExtensibilityGlobals) = postSolution
		SolutionGuid = {0B068B5C-B0AB-4937-8E25-7728FB5C1FCC}
	EndGlobalSection
EndGlobal
