
Microsoft Visual Studio Solution File, Format Version 12.00
# Visual Studio Version 17
VisualStudioVersion = 17.9.34714.143
MinimumVisualStudioVersion = 10.0.40219.1
Project("{888888A0-9F3D-457C-B088-3A5042F75D52}") = "Hangman", "Hangman.pyproj", "{B033CF7D-F51D-4990-A393-CBDAD976BA5D}"
EndProject
Global
	GlobalSection(SolutionConfigurationPlatforms) = preSolution
		Debug|Any CPU = Debug|Any CPU
		Release|Any CPU = Release|Any CPU
	EndGlobalSection
	GlobalSection(ProjectConfigurationPlatforms) = postSolution
		{B033CF7D-F51D-4990-A393-CBDAD976BA5D}.Debug|Any CPU.ActiveCfg = Debug|Any CPU
		{B033CF7D-F51D-4990-A393-CBDAD976BA5D}.Release|Any CPU.ActiveCfg = Release|Any CPU
	EndGlobalSection
	GlobalSection(SolutionProperties) = preSolution
		HideSolutionNode = FALSE
	EndGlobalSection
	GlobalSection(ExtensibilityGlobals) = postSolution
		SolutionGuid = {B85224F8-664C-4A7A-9807-A1486C45D1C0}
	EndGlobalSection
EndGlobal
